{
  "version": "5",
  "specifiers": {
    "jsr:@std/assert@1": "1.0.19",
    "jsr:@std/internal@^1.0.12": "1.0.14"
  },
  "jsr": {
    "@std/assert@1.0.19": {
      "integrity": "eaada96ee120cb980bc47e040f82814d786fe8162ecc53c91d8df60b8755991e",
      "dependencies": [
        "jsr:@std/internal"
      ]
    },
    "@std/internal@1.0.14": {
      "integrity": "291516b3d4c35024d6ffbc0a9df5bf4c64116e05b50012cf846710152d2ffdf7"
    }
  },
  "workspace": {
    "packageJson": {
      "dependencies": [
        "npm:@eslint/js@^9.12.0",
        "npm:@playwright/test@^1.47.2",
        "npm:eslint-plugin-react-hooks@5",
        "npm:eslint-plugin-react-refresh@~0.4.12",
        "npm:eslint@^9.12.0",
        "npm:globals@^15.10.0",
        "npm:prettier@^3.3.3",
        "npm:typescript-eslint@^8.8.0",
        "npm:typescript@^5.6.2"
      ]
    }
  }
}
